
Microsoft Visual Studio Solution File, Format Version 12.00
# Visual Studio Version 16
VisualStudioVersion = 16.0.30223.230
MinimumVisualStudioVersion = 10.0.40219.1
Project("{FAE04EC0-301F-11D3-BF4B-00C04F79EFBC}") = "TeamsHook.NET", "TeamsHook.NET\TeamsHook.NET.csproj", "{7D88AE9B-4024-434A-865D-3FD46837B7E8}"
EndProject
Project("{FAE04EC0-301F-11D3-BF4B-00C04F79EFBC}") = "TeamsHook.NET.Tests", "TeamsHook.NET.Tests\TeamsHook.NET.Tests.csproj", "{66937203-637A-4EE8-93DD-10BFC67F393C}"
EndProject
Global
	GlobalSection(SolutionConfigurationPlatforms) = preSolution
		Debug|Any CPU = Debug|Any CPU
		Release|Any CPU = Release|Any CPU
	EndGlobalSection
	GlobalSection(ProjectConfigurationPlatforms) = postSolution
		{7D88AE9B-4024-434A-865D-3FD46837B7E8}.Debug|Any CPU.ActiveCfg = Debug|Any CPU
		{7D88AE9B-4024-434A-865D-3FD46837B7E8}.Debug|Any CPU.Build.0 = Debug|Any CPU
		{7D88AE9B-4024-434A-865D-3FD46837B7E8}.Release|Any CPU.ActiveCfg = Release|Any CPU
		{7D88AE9B-4024-434A-865D-3FD46837B7E8}.Release|Any CPU.Build.0 = Release|Any CPU
		{66937203-637A-4EE8-93DD-10BFC67F393C}.Debug|Any CPU.ActiveCfg = Debug|Any CPU
		{66937203-637A-4EE8-93DD-10BFC67F393C}.Debug|Any CPU.Build.0 = Debug|Any CPU
		{66937203-637A-4EE8-93DD-10BFC67F393C}.Release|Any CPU.ActiveCfg = Release|Any CPU
		{66937203-637A-4EE8-93DD-10BFC67F393C}.Release|Any CPU.Build.0 = Release|Any CPU
	EndGlobalSection
	GlobalSection(SolutionProperties) = preSolution
		HideSolutionNode = FALSE
	EndGlobalSection
	GlobalSection(ExtensibilityGlobals) = postSolution
		SolutionGuid = {62353726-836E-4D65-AD25-2287B7F58096}
	EndGlobalSection
EndGlobal
